
Microsoft Visual Studio Solution File, Format Version 12.00
# Visual Studio Version 17
VisualStudioVersion = 17.9.34902.65
MinimumVisualStudioVersion = 10.0.40219.1
Project("{FAE04EC0-301F-11D3-BF4B-00C04F79EFBC}") = "IQueryableSample", "IQueryableSample\IQueryableSample.csproj", "{13940D7D-017E-42E8-9B9D-68E565CA9175}"
EndProject
Global
	GlobalSection(SolutionConfigurationPlatforms) = preSolution
		Debug|Any CPU = Debug|Any CPU
		Release|Any CPU = Release|Any CPU
	EndGlobalSection
	GlobalSection(ProjectConfigurationPlatforms) = postSolution
		{13940D7D-017E-42E8-9B9D-68E565CA9175}.Debug|Any CPU.ActiveCfg = Debug|Any CPU
		{13940D7D-017E-42E8-9B9D-68E565CA9175}.Debug|Any CPU.Build.0 = Debug|Any CPU
		{13940D7D-017E-42E8-9B9D-68E565CA9175}.Release|Any CPU.ActiveCfg = Release|Any CPU
		{13940D7D-017E-42E8-9B9D-68E565CA9175}.Release|Any CPU.Build.0 = Release|Any CPU
	EndGlobalSection
	GlobalSection(SolutionProperties) = preSolution
		HideSolutionNode = FALSE
	EndGlobalSection
	GlobalSection(ExtensibilityGlobals) = postSolution
		SolutionGuid = {957E9C13-ADC5-4708-A124-BC9D3DAC9F79}
	EndGlobalSection
EndGlobal
